
Microsoft Visual Studio Solution File, Format Version 12.00
# Visual Studio 2012
Project("{FAE04EC0-301F-11D3-BF4B-00C04F79EFBC}") = "MySite", "MySite\MySite.csproj", "{FE2619F3-6C9B-4C47-BD6F-AC6EF2F2D260}"
EndProject
Global
	GlobalSection(SolutionConfigurationPlatforms) = preSolution
		Debug|Any CPU = Debug|Any CPU
		Release|Any CPU = Release|Any CPU
	EndGlobalSection
	GlobalSection(ProjectConfigurationPlatforms) = postSolution
		{FE2619F3-6C9B-4C47-BD6F-AC6EF2F2D260}.Debug|Any CPU.ActiveCfg = Debug|Any CPU
		{FE2619F3-6C9B-4C47-BD6F-AC6EF2F2D260}.Debug|Any CPU.Build.0 = Debug|Any CPU
		{FE2619F3-6C9B-4C47-BD6F-AC6EF2F2D260}.Release|Any CPU.ActiveCfg = Release|Any CPU
		{FE2619F3-6C9B-4C47-BD6F-AC6EF2F2D260}.Release|Any CPU.Build.0 = Release|Any CPU
	EndGlobalSection
	GlobalSection(SolutionProperties) = preSolution
		HideSolutionNode = FALSE
	EndGlobalSection
EndGlobal
